{
  "name": "share-point-uploader",
  "version": "1.0.0",
  "lockfileVersion": 1,
  "requires": true,
  "dependencies": {
    "@actions/core": {
      "version": "1.2.7",
      "resolved": "https://verimatrix.jfrog.io/artifactory/api/npm/appshield-npm-production/@actions/core/-/core-1.2.7.tgz",
      "integrity": "sha1-WU+MRbIT8BRuS+ftqK5c9OGY5as="
    }
  }
}
